
Microsoft Visual Studio Solution File, Format Version 12.00
# Visual Studio Version 16
VisualStudioVersion = 16.0.31702.278
MinimumVisualStudioVersion = 10.0.40219.1
Project("{FAE04EC0-301F-11D3-BF4B-00C04F79EFBC}") = "WebApi", "WebApi\WebApi.csproj", "{181F385A-CB6D-4368-9E1F-BB1A1DDE188C}"
EndProject
Global
	GlobalSection(SolutionConfigurationPlatforms) = preSolution
		Debug|Any CPU = Debug|Any CPU
		Release|Any CPU = Release|Any CPU
	EndGlobalSection
	GlobalSection(ProjectConfigurationPlatforms) = postSolution
		{181F385A-CB6D-4368-9E1F-BB1A1DDE188C}.Debug|Any CPU.ActiveCfg = Debug|Any CPU
		{181F385A-CB6D-4368-9E1F-BB1A1DDE188C}.Debug|Any CPU.Build.0 = Debug|Any CPU
		{181F385A-CB6D-4368-9E1F-BB1A1DDE188C}.Release|Any CPU.ActiveCfg = Release|Any CPU
		{181F385A-CB6D-4368-9E1F-BB1A1DDE188C}.Release|Any CPU.Build.0 = Release|Any CPU
	EndGlobalSection
	GlobalSection(SolutionProperties) = preSolution
		HideSolutionNode = FALSE
	EndGlobalSection
	GlobalSection(ExtensibilityGlobals) = postSolution
		SolutionGuid = {AD03B98D-DEAB-49B8-9856-674BB688F7C0}
	EndGlobalSection
EndGlobal
